github.com/UVDuane/slog-multi v0.0.0-20240409145136-c325618064c4 h1:XPOIzrqTHHKKR2MGxZDrVkaSeTuun9gE/C6DaO3KT4c=
github.com/UVDuane/slog-multi v0.0.0-20240409145136-c325618064c4/go.mod h1:0SZKE71DlvsYZl+xMRejEyKIyVBrTg3w/XipK25yQFs=
github.com/samber/lo v1.38.1 h1:j2XEAqXKb09Am4ebOg31SpvzUTTs6EN3VfgeLUhPdXM=
github.com/samber/lo v1.38.1/go.mod h1:+m/ZKRl6ClXCE2Lgf3MsQlWfh4bn1bz6CXEOxnEXnEA=
go.uber.org/goleak v1.2.1 h1:NBol2c7O1ZokfZ0LEU9K6Whx/KnwvepVetCUhtKja4A=
golang.org/x/exp v0.0.0-20240409090435-93d18d7e34b8 h1:ESSUROHIBHg7USnszlcdmjBEwdMj9VUvU+OPk4yl2mc=
golang.org/x/exp v0.0.0-20240409090435-93d18d7e34b8/go.mod h1:/lliqkxwWAhPjf5oSOIJup2XcqJaw8RGS6k3TGEc7GI=
